
Microsoft Visual Studio Solution File, Format Version 12.00
# Visual Studio Version 16
VisualStudioVersion = 16.0.31829.152
MinimumVisualStudioVersion = 10.0.40219.1
Project("{FAE04EC0-301F-11D3-BF4B-00C04F79EFBC}") = "Lab1_WPF", "Lab1_WPF\Lab1_WPF.csproj", "{EA735A73-6D47-4462-8C4A-7A7736DD8986}"
EndProject
Global
	GlobalSection(SolutionConfigurationPlatforms) = preSolution
		Debug|Any CPU = Debug|Any CPU
		Release|Any CPU = Release|Any CPU
	EndGlobalSection
	GlobalSection(ProjectConfigurationPlatforms) = postSolution
		{EA735A73-6D47-4462-8C4A-7A7736DD8986}.Debug|Any CPU.ActiveCfg = Debug|Any CPU
		{EA735A73-6D47-4462-8C4A-7A7736DD8986}.Debug|Any CPU.Build.0 = Debug|Any CPU
		{EA735A73-6D47-4462-8C4A-7A7736DD8986}.Release|Any CPU.ActiveCfg = Release|Any CPU
		{EA735A73-6D47-4462-8C4A-7A7736DD8986}.Release|Any CPU.Build.0 = Release|Any CPU
	EndGlobalSection
	GlobalSection(SolutionProperties) = preSolution
		HideSolutionNode = FALSE
	EndGlobalSection
	GlobalSection(ExtensibilityGlobals) = postSolution
		SolutionGuid = {8875C51B-14DD-40DD-A879-750726549C8F}
	EndGlobalSection
EndGlobal
